
Microsoft Visual Studio Solution File, Format Version 12.00
# Visual Studio Version 17
VisualStudioVersion = 17.5.33424.131
MinimumVisualStudioVersion = 10.0.40219.1
Project("{FAE04EC0-301F-11D3-BF4B-00C04F79EFBC}") = "BankOfWayneBot", "BankOfWayneBot.csproj", "{271B8C7F-6FC1-4AC5-AD91-C4EDC311FEF3}"
EndProject
Global
	GlobalSection(SolutionConfigurationPlatforms) = preSolution
		Debug|Any CPU = Debug|Any CPU
		Release|Any CPU = Release|Any CPU
	EndGlobalSection
	GlobalSection(ProjectConfigurationPlatforms) = postSolution
		{271B8C7F-6FC1-4AC5-AD91-C4EDC311FEF3}.Debug|Any CPU.ActiveCfg = Debug|Any CPU
		{271B8C7F-6FC1-4AC5-AD91-C4EDC311FEF3}.Debug|Any CPU.Build.0 = Debug|Any CPU
		{271B8C7F-6FC1-4AC5-AD91-C4EDC311FEF3}.Release|Any CPU.ActiveCfg = Release|Any CPU
		{271B8C7F-6FC1-4AC5-AD91-C4EDC311FEF3}.Release|Any CPU.Build.0 = Release|Any CPU
	EndGlobalSection
	GlobalSection(SolutionProperties) = preSolution
		HideSolutionNode = FALSE
	EndGlobalSection
	GlobalSection(ExtensibilityGlobals) = postSolution
		SolutionGuid = {F939FA4F-2D39-4F87-8CF5-68470672735A}
	EndGlobalSection
EndGlobal
